
Microsoft Visual Studio Solution File, Format Version 12.00
# Visual Studio Version 17
VisualStudioVersion = 17.0.32014.148
MinimumVisualStudioVersion = 10.0.40219.1
Project("{9A19103F-16F7-4668-BE54-9A1E7A4F7556}") = "A Simple RPG", "A Simple RPG.csproj", "{B59821AB-A134-48D0-A188-34015841BB24}"
EndProject
Project("{FAE04EC0-301F-11D3-BF4B-00C04F79EFBC}") = "TestingASimpleRPG", "..\TestingASimpleRPG\TestingASimpleRPG.csproj", "{790BDAD1-C646-46EA-A34D-F15F0114F580}"
EndProject
Global
	GlobalSection(SolutionConfigurationPlatforms) = preSolution
		Debug|Any CPU = Debug|Any CPU
		Release|Any CPU = Release|Any CPU
	EndGlobalSection
	GlobalSection(ProjectConfigurationPlatforms) = postSolution
		{B59821AB-A134-48D0-A188-34015841BB24}.Debug|Any CPU.ActiveCfg = Debug|Any CPU
		{B59821AB-A134-48D0-A188-34015841BB24}.Debug|Any CPU.Build.0 = Debug|Any CPU
		{B59821AB-A134-48D0-A188-34015841BB24}.Release|Any CPU.ActiveCfg = Release|Any CPU
		{B59821AB-A134-48D0-A188-34015841BB24}.Release|Any CPU.Build.0 = Release|Any CPU
		{790BDAD1-C646-46EA-A34D-F15F0114F580}.Debug|Any CPU.ActiveCfg = Debug|Any CPU
		{790BDAD1-C646-46EA-A34D-F15F0114F580}.Debug|Any CPU.Build.0 = Debug|Any CPU
		{790BDAD1-C646-46EA-A34D-F15F0114F580}.Release|Any CPU.ActiveCfg = Release|Any CPU
		{790BDAD1-C646-46EA-A34D-F15F0114F580}.Release|Any CPU.Build.0 = Release|Any CPU
	EndGlobalSection
	GlobalSection(SolutionProperties) = preSolution
		HideSolutionNode = FALSE
	EndGlobalSection
	GlobalSection(ExtensibilityGlobals) = postSolution
		SolutionGuid = {2B701426-5BB8-47F0-9AE5-85E199080C6C}
	EndGlobalSection
EndGlobal
